
Microsoft Visual Studio Solution File, Format Version 12.00
# Visual Studio Version 17
VisualStudioVersion = 17.2.32210.308
MinimumVisualStudioVersion = 10.0.40219.1
Project("{FAE04EC0-301F-11D3-BF4B-00C04F79EFBC}") = "Issue597", "Issue597.csproj", "{AD07C83A-05D1-49C1-BAE2-5C7B5C9EC478}"
EndProject
Global
	GlobalSection(SolutionConfigurationPlatforms) = preSolution
		Debug|Any CPU = Debug|Any CPU
		Release|Any CPU = Release|Any CPU
	EndGlobalSection
	GlobalSection(ProjectConfigurationPlatforms) = postSolution
		{AD07C83A-05D1-49C1-BAE2-5C7B5C9EC478}.Debug|Any CPU.ActiveCfg = Debug|Any CPU
		{AD07C83A-05D1-49C1-BAE2-5C7B5C9EC478}.Debug|Any CPU.Build.0 = Debug|Any CPU
		{AD07C83A-05D1-49C1-BAE2-5C7B5C9EC478}.Release|Any CPU.ActiveCfg = Release|Any CPU
		{AD07C83A-05D1-49C1-BAE2-5C7B5C9EC478}.Release|Any CPU.Build.0 = Release|Any CPU
	EndGlobalSection
	GlobalSection(SolutionProperties) = preSolution
		HideSolutionNode = FALSE
	EndGlobalSection
	GlobalSection(ExtensibilityGlobals) = postSolution
		SolutionGuid = {2778CBA0-6E17-4866-8407-53032993E2D2}
	EndGlobalSection
EndGlobal
